
Microsoft Visual Studio Solution File, Format Version 12.00
# Visual Studio Version 16
VisualStudioVersion = 16.0.31729.503
MinimumVisualStudioVersion = 10.0.40219.1
Project("{FAE04EC0-301F-11D3-BF4B-00C04F79EFBC}") = "web", "web\web.csproj", "{31595AA4-8709-4978-90BE-1D9366790F86}"
EndProject
Global
	GlobalSection(SolutionConfigurationPlatforms) = preSolution
		Debug|Any CPU = Debug|Any CPU
		Release|Any CPU = Release|Any CPU
	EndGlobalSection
	GlobalSection(ProjectConfigurationPlatforms) = postSolution
		{31595AA4-8709-4978-90BE-1D9366790F86}.Debug|Any CPU.ActiveCfg = Debug|Any CPU
		{31595AA4-8709-4978-90BE-1D9366790F86}.Debug|Any CPU.Build.0 = Debug|Any CPU
		{31595AA4-8709-4978-90BE-1D9366790F86}.Release|Any CPU.ActiveCfg = Release|Any CPU
		{31595AA4-8709-4978-90BE-1D9366790F86}.Release|Any CPU.Build.0 = Release|Any CPU
	EndGlobalSection
	GlobalSection(SolutionProperties) = preSolution
		HideSolutionNode = FALSE
	EndGlobalSection
	GlobalSection(ExtensibilityGlobals) = postSolution
		SolutionGuid = {A78BCC8B-BA54-471F-942F-8640699F05FA}
	EndGlobalSection
EndGlobal
